// !$*UTF8*$!
{
	archiveVersion = 1;
	classes = {
	};
	objectVersion = 50;
	objects = {

/* Begin PBXBuildFile section */
		3C9DAB76232B05D80020C4BC /* AppDelegate.swift in Sources */ = {isa = PBXBuildFile; fileRef = 3C9DAB75232B05D80020C4BC /* AppDelegate.swift */; };
		3C9DAB78232B05D80020C4BC /* SceneDelegate.swift in Sources */ = {isa = PBXBuildFile; fileRef = 3C9DAB77232B05D80020C4BC /* SceneDelegate.swift */; };
		3C9DAB7A232B05D80020C4BC /* ContentView.swift in Sources */ = {isa = PBXBuildFile; fileRef = 3C9DAB79232B05D80020C4BC /* ContentView.swift */; };
		3C9DAB7C232B05DA0020C4BC /* Assets.xcassets in Resources */ = {isa = PBXBuildFile; fileRef = 3C9DAB7B232B05DA0020C4BC /* Assets.xcassets */; };
		3C9DAB7F232B05DA0020C4BC /* Preview Assets.xcassets in Resources */ = {isa = PBXBuildFile; fileRef = 3C9DAB7E232B05DA0020C4BC /* Preview Assets.xcassets */; };
		3C9DAB82232B05DA0020C4BC /* LaunchScreen.storyboard in Resources */ = {isa = PBXBuildFile; fileRef = 3C9DAB80232B05DA0020C4BC /* LaunchScreen.storyboard */; };
/* End PBXBuildFile section */

/* Begin PBXFileReference section */
		3C9DAB72232B05D80020C4BC /* Primes.app */ = {isa = PBXFileReference; explicitFileType = wrapper.application; includeInIndex = 0; path = Primes.app; sourceTree = BUILT_PRODUCTS_DIR; };
		3C9DAB75232B05D80020C4BC /* AppDelegate.swift */ = {isa = PBXFileReference; lastKnownFileType = sourcecode.swift; path = AppDelegate.swift; sourceTree = "<group>"; };
		3C9DAB77232B05D80020C4BC /* SceneDelegate.swift */ = {isa = PBXFileReference; lastKnownFileType = sourcecode.swift; path = SceneDelegate.swift; sourceTree = "<group>"; };
		3C9DAB79232B05D80020C4BC /* ContentView.swift */ = {isa = PBXFileReference; lastKnownFileType = sourcecode.swift; path = ContentView.swift; sourceTree = "<group>"; };
		3C9DAB7B232B05DA0020C4BC /* Assets.xcassets */ = {isa = PBXFileReference; lastKnownFileType = folder.assetcatalog; path = Assets.xcassets; sourceTree = "<group>"; };
		3C9DAB7E232B05DA0020C4BC /* Preview Assets.xcassets */ = {isa = PBXFileReference; lastKnownFileType = folder.assetcatalog; path = "Preview Assets.xcassets"; sourceTree = "<group>"; };
		3C9DAB81232B05DA0020C4BC /* Base */ = {isa = PBXFileReference; lastKnownFileType = file.storyboard; name = Base; path = Base.lproj/LaunchScreen.storyboard; sourceTree = "<group>"; };
		3C9DAB83232B05DA0020C4BC /* Info.plist */ = {isa = PBXFileReference; lastKnownFileType = text.plist.xml; path = Info.plist; sourceTree = "<group>"; };
/* End PBXFileReference section */

/* Begin PBXFrameworksBuildPhase section */
		3C9DAB6F232B05D80020C4BC /* Frameworks */ = {
			isa = PBXFrameworksBuildPhase;
			buildActionMask = 2147483647;
			files = (
			);
			runOnlyForDeploymentPostprocessing = 0;
		};
/* End PBXFrameworksBuildPhase section */

/* Begin PBXGroup section */
		3C9DAB69232B05D80020C4BC = {
			isa = PBXGroup;
			children = (
				3C9DAB74232B05D80020C4BC /* Primes */,
				3C9DAB73232B05D80020C4BC /* Products */,
			);
			sourceTree = "<group>";
		};
		3C9DAB73232B05D80020C4BC /* Products */ = {
			isa = PBXGroup;
			children = (
				3C9DAB72232B05D80020C4BC /* Primes.app */,
			);
			name = Products;
			sourceTree = "<group>";
		};
		3C9DAB74232B05D80020C4BC /* Primes */ = {
			isa = PBXGroup;
			children = (
				3C9DAB75232B05D80020C4BC /* AppDelegate.swift */,
				3C9DAB77232B05D80020C4BC /* SceneDelegate.swift */,
				3C9DAB79232B05D80020C4BC /* ContentView.swift */,
				3C9DAB7B232B05DA0020C4BC /* Assets.xcassets */,
				3C9DAB80232B05DA0020C4BC /* LaunchScreen.storyboard */,
				3C9DAB83232B05DA0020C4BC /* Info.plist */,
				3C9DAB7D232B05DA0020C4BC /* Preview Content */,
			);
			path = Primes;
			sourceTree = "<group>";
		};
		3C9DAB7D232B05DA0020C4BC /* Preview Content */ = {
			isa = PBXGroup;
			children = (
				3C9DAB7E232B05DA0020C4BC /* Preview Assets.xcassets */,
			);
			path = "Preview Content";
			sourceTree = "<group>";
		};
/* End PBXGroup section */

/* Begin PBXNativeTarget section */
		3C9DAB71232B05D80020C4BC /* Primes */ = {
			isa = PBXNativeTarget;
			buildConfigurationList = 3C9DAB86232B05DA0020C4BC /* Build configuration list for PBXNativeTarget "Primes" */;
			buildPhases = (
				3C9DAB6E232B05D80020C4BC /* Sources */,
				3C9DAB6F232B05D80020C4BC /* Frameworks */,
				3C9DAB70232B05D80020C4BC /* Resources */,
			);
			buildRules = (
			);
			dependencies = (
			);
			name = Primes;
			productName = Primes;
			productReference = 3C9DAB72232B05D80020C4BC /* Primes.app */;
			productType = "com.apple.product-type.application";
		};
/* End PBXNativeTarget section */

/* Begin PBXProject section */
		3C9DAB6A232B05D80020C4BC /* Project object */ = {
			isa = PBXProject;
			attributes = {
				LastSwiftUpdateCheck = 1100;
				LastUpgradeCheck = 1100;
				ORGANIZATIONNAME = danwallacenz;
				TargetAttributes = {
					3C9DAB71232B05D80020C4BC = {
						CreatedOnToolsVersion = 11.0;
					};
				};
			};
			buildConfigurationList = 3C9DAB6D232B05D80020C4BC /* Build configuration list for PBXProject "Primes" */;
			compatibilityVersion = "Xcode 9.3";
			developmentRegion = en;
			hasScannedForEncodings = 0;
			knownRegions = (
				en,
				Base,
			);
			mainGroup = 3C9DAB69232B05D80020C4BC;
			productRefGroup = 3C9DAB73232B05D80020C4BC /* Products */;
			projectDirPath = "";
			projectRoot = "";
			targets = (
				3C9DAB71232B05D80020C4BC /* Primes */,
			);
		};
/* End PBXProject section */

/* Begin PBXResourcesBuildPhase section */
		3C9DAB70232B05D80020C4BC /* Resources */ = {
			isa = PBXResourcesBuildPhase;
			buildActionMask = 2147483647;
			files = (
				3C9DAB82232B05DA0020C4BC /* LaunchScreen.storyboard in Resources */,
				3C9DAB7F232B05DA0020C4BC /* Preview Assets.xcassets in Resources */,
				3C9DAB7C232B05DA0020C4BC /* Assets.xcassets in Resources */,
			);
			runOnlyForDeploymentPostprocessing = 0;
		};
/* End PBXResourcesBuildPhase section */

/* Begin PBXSourcesBuildPhase section */
		3C9DAB6E232B05D80020C4BC /* Sources */ = {
			isa = PBXSourcesBuildPhase;
			buildActionMask = 2147483647;
			files = (
				3C9DAB76232B05D80020C4BC /* AppDelegate.swift in Sources */,
				3C9DAB78232B05D80020C4BC /* SceneDelegate.swift in Sources */,
				3C9DAB7A232B05D80020C4BC /* ContentView.swift in Sources */,
			);
			runOnlyForDeploymentPostprocessing = 0;
		};
/* End PBXSourcesBuildPhase section */

/* Begin PBXVariantGroup section */
		3C9DAB80232B05DA0020C4BC /* LaunchScreen.storyboard */ = {
			isa = PBXVariantGroup;
			children = (
				3C9DAB81232B05DA0020C4BC /* Base */,
			);
			name = LaunchScreen.storyboard;
			sourceTree = "<group>";
		};
/* End PBXVariantGroup section */

/* Begin XCBuildConfiguration section */
		3C9DAB84232B05DA0020C4BC /* Debug */ = {
			isa = XCBuildConfiguration;
			buildSettings = {
				ALWAYS_SEARCH_USER_PATHS = NO;
				CLANG_ANALYZER_NONNULL = YES;
				CLANG_ANALYZER_NUMBER_OBJECT_CONVERSION = YES_AGGRESSIVE;
				CLANG_CXX_LANGUAGE_STANDARD = "gnu++14";
				CLANG_CXX_LIBRARY = "libc++";
				CLANG_ENABLE_MODULES = YES;
				CLANG_ENABLE_OBJC_ARC = YES;
				CLANG_ENABLE_OBJC_WEAK = YES;
				CLANG_WARN_BLOCK_CAPTURE_AUTORELEASING = YES;
				CLANG_WARN_BOOL_CONVERSION = YES;
				CLANG_WARN_COMMA = YES;
				CLANG_WARN_CONSTANT_CONVERSION = YES;
				CLANG_WARN_DEPRECATED_OBJC_IMPLEMENTATIONS = YES;
				CLANG_WARN_DIRECT_OBJC_ISA_USAGE = YES_ERROR;
				CLANG_WARN_DOCUMENTATION_COMMENTS = YES;
				CLANG_WARN_EMPTY_BODY = YES;
				CLANG_WARN_ENUM_CONVERSION = YES;
				CLANG_WARN_INFINITE_RECURSION = YES;
				CLANG_WARN_INT_CONVERSION = YES;
				CLANG_WARN_NON_LITERAL_NULL_CONVERSION = YES;
				CLANG_WARN_OBJC_IMPLICIT_RETAIN_SELF = YES;
				CLANG_WARN_OBJC_LITERAL_CONVERSION = YES;
				CLANG_WARN_OBJC_ROOT_CLASS = YES_ERROR;
				CLANG_WARN_RANGE_LOOP_ANALYSIS = YES;
				CLANG_WARN_STRICT_PROTOTYPES = YES;
				CLANG_WARN_SUSPICIOUS_MOVE = YES;
				CLANG_WARN_UNGUARDED_AVAILABILITY = YES_AGGRESSIVE;
				CLANG_WARN_UNREACHABLE_CODE = YES;
				CLANG_WARN__DUPLICATE_METHOD_MATCH = YES;
				COPY_PHASE_STRIP = NO;
				DEBUG_INFORMATION_FORMAT = dwarf;
				ENABLE_STRICT_OBJC_MSGSEND = YES;
				ENABLE_TESTABILITY = YES;
				GCC_C_LANGUAGE_STANDARD = gnu11;
				GCC_DYNAMIC_NO_PIC = NO;
				GCC_NO_COMMON_BLOCKS = YES;
				GCC_OPTIMIZATION_LEVEL = 0;
				GCC_PREPROCESSOR_DEFINITIONS = (
					"DEBUG=1",
					"$(inherited)",
				);
				GCC_WARN_64_TO_32_BIT_CONVERSION = YES;
				GCC_WARN_ABOUT_RETURN_TYPE = YES_ERROR;
				GCC_WARN_UNDECLARED_SELECTOR = YES;
				GCC_WARN_UNINITIALIZED_AUTOS = YES_AGGRESSIVE;
				GCC_WARN_UNUSED_FUNCTION = YES;
				GCC_WARN_UNUSED_VARIABLE = YES;
				IPHONEOS_DEPLOYMENT_TARGET = 13.0;
				MTL_ENABLE_DEBUG_INFO = INCLUDE_SOURCE;
				MTL_FAST_MATH = YES;
				ONLY_ACTIVE_ARCH = YES;
				SDKROOT = iphoneos;
				SWIFT_ACTIVE_COMPILATION_CONDITIONS = DEBUG;
				SWIFT_OPTIMIZATION_LEVEL = "-Onone";
			};
			name = Debug;
		};
		3C9DAB85232B05DA0020C4BC /* Release */ = {
			isa = XCBuildConfiguration;
			buildSettings = {
				ALWAYS_SEARCH_USER_PATHS = NO;
				CLANG_ANALYZER_NONNULL = YES;
				CLANG_ANALYZER_NUMBER_OBJECT_CONVERSION = YES_AGGRESSIVE;
				CLANG_CXX_LANGUAGE_STANDARD = "gnu++14";
				CLANG_CXX_LIBRARY = "libc++";
				CLANG_ENABLE_MODULES = YES;
				CLANG_ENABLE_OBJC_ARC = YES;
				CLANG_ENABLE_OBJC_WEAK = YES;
				CLANG_WARN_BLOCK_CAPTURE_AUTORELEASING = YES;
				CLANG_WARN_BOOL_CONVERSION = YES;
				CLANG_WARN_COMMA = YES;
				CLANG_WARN_CONSTANT_CONVERSION = YES;
				CLANG_WARN_DEPRECATED_OBJC_IMPLEMENTATIONS = YES;
				CLANG_WARN_DIRECT_OBJC_ISA_USAGE = YES_ERROR;
				CLANG_WARN_DOCUMENTATION_COMMENTS = YES;
				CLANG_WARN_EMPTY_BODY = YES;
				CLANG_WARN_ENUM_CONVERSION = YES;
				CLANG_WARN_INFINITE_RECURSION = YES;
				CLANG_WARN_INT_CONVERSION = YES;
				CLANG_WARN_NON_LITERAL_NULL_CONVERSION = YES;
				CLANG_WARN_OBJC_IMPLICIT_RETAIN_SELF = YES;
				CLANG_WARN_OBJC_LITERAL_CONVERSION = YES;
				CLANG_WARN_OBJC_ROOT_CLASS = YES_ERROR;
				CLANG_WARN_RANGE_LOOP_ANALYSIS = YES;
				CLANG_WARN_STRICT_PROTOTYPES = YES;
				CLANG_WARN_SUSPICIOUS_MOVE = YES;
				CLANG_WARN_UNGUARDED_AVAILABILITY = YES_AGGRESSIVE;
				CLANG_WARN_UNREACHABLE_CODE = YES;
				CLANG_WARN__DUPLICATE_METHOD_MATCH = YES;
				COPY_PHASE_STRIP = NO;
				DEBUG_INFORMATION_FORMAT = "dwarf-with-dsym";
				ENABLE_NS_ASSERTIONS = NO;
				ENABLE_STRICT_OBJC_MSGSEND = YES;
				GCC_C_LANGUAGE_STANDARD = gnu11;
				GCC_NO_COMMON_BLOCKS = YES;
				GCC_WARN_64_TO_32_BIT_CONVERSION = YES;
				GCC_WARN_ABOUT_RETURN_TYPE = YES_ERROR;
				GCC_WARN_UNDECLARED_SELECTOR = YES;
				GCC_WARN_UNINITIALIZED_AUTOS = YES_AGGRESSIVE;
				GCC_WARN_UNUSED_FUNCTION = YES;
				GCC_WARN_UNUSED_VARIABLE = YES;
				IPHONEOS_DEPLOYMENT_TARGET = 13.0;
				MTL_ENABLE_DEBUG_INFO = NO;
				MTL_FAST_MATH = YES;
				SDKROOT = iphoneos;
				SWIFT_COMPILATION_MODE = wholemodule;
				SWIFT_OPTIMIZATION_LEVEL = "-O";
				VALIDATE_PRODUCT = YES;
			};
			name = Release;
		};
		3C9DAB87232B05DA0020C4BC /* Debug */ = {
			isa = XCBuildConfiguration;
			buildSettings = {
				ASSETCATALOG_COMPILER_APPICON_NAME = AppIcon;
				CODE_SIGN_STYLE = Automatic;
				DEVELOPMENT_ASSET_PATHS = "\"Primes/Preview Content\"";
				DEVELOPMENT_TEAM = JP5YDXJS2P;
				ENABLE_PREVIEWS = YES;
				INFOPLIST_FILE = Primes/Info.plist;
				LD_RUNPATH_SEARCH_PATHS = (
					"$(inherited)",
					"@executable_path/Frameworks",
				);
				PRODUCT_BUNDLE_IDENTIFIER = nz.co.danwallace.Primes;
				PRODUCT_NAME = "$(TARGET_NAME)";
				SWIFT_VERSION = 5.0;
				TARGETED_DEVICE_FAMILY = "1,2";
			};
			name = Debug;
		};
		3C9DAB88232B05DA0020C4BC /* Release */ = {
			isa = XCBuildConfiguration;
			buildSettings = {
				ASSETCATALOG_COMPILER_APPICON_NAME = AppIcon;
				CODE_SIGN_STYLE = Automatic;
				DEVELOPMENT_ASSET_PATHS = "\"Primes/Preview Content\"";
				DEVELOPMENT_TEAM = JP5YDXJS2P;
				ENABLE_PREVIEWS = YES;
				INFOPLIST_FILE = Primes/Info.plist;
				LD_RUNPATH_SEARCH_PATHS = (
					"$(inherited)",
					"@executable_path/Frameworks",
				);
				PRODUCT_BUNDLE_IDENTIFIER = nz.co.danwallace.Primes;
				PRODUCT_NAME = "$(TARGET_NAME)";
				SWIFT_VERSION = 5.0;
				TARGETED_DEVICE_FAMILY = "1,2";
			};
			name = Release;
		};
/* End XCBuildConfiguration section */

/* Begin XCConfigurationList section */
		3C9DAB6D232B05D80020C4BC /* Build configuration list for PBXProject "Primes" */ = {
			isa = XCConfigurationList;
			buildConfigurations = (
				3C9DAB84232B05DA0020C4BC /* Debug */,
				3C9DAB85232B05DA0020C4BC /* Release */,
			);
			defaultConfigurationIsVisible = 0;
			defaultConfigurationName = Release;
		};
		3C9DAB86232B05DA0020C4BC /* Build configuration list for PBXNativeTarget "Primes" */ = {
			isa = XCConfigurationList;
			buildConfigurations = (
				3C9DAB87232B05DA0020C4BC /* Debug */,
				3C9DAB88232B05DA0020C4BC /* Release */,
			);
			defaultConfigurationIsVisible = 0;
			defaultConfigurationName = Release;
		};
/* End XCConfigurationList section */
	};
	rootObject = 3C9DAB6A232B05D80020C4BC /* Project object */;
}
